
Microsoft Visual Studio Solution File, Format Version 12.00
# Visual Studio Version 16
VisualStudioVersion = 16.0.32106.194
MinimumVisualStudioVersion = 10.0.40219.1
Project("{FAE04EC0-301F-11D3-BF4B-00C04F79EFBC}") = "ChainOfResponsibility", "ChainOfResponsibility\ChainOfResponsibility.csproj", "{A7F9E08C-13A0-4495-AB10-8A8F35C3FABB}"
EndProject
Global
	GlobalSection(SolutionConfigurationPlatforms) = preSolution
		Debug|Any CPU = Debug|Any CPU
		Release|Any CPU = Release|Any CPU
	EndGlobalSection
	GlobalSection(ProjectConfigurationPlatforms) = postSolution
		{A7F9E08C-13A0-4495-AB10-8A8F35C3FABB}.Debug|Any CPU.ActiveCfg = Debug|Any CPU
		{A7F9E08C-13A0-4495-AB10-8A8F35C3FABB}.Debug|Any CPU.Build.0 = Debug|Any CPU
		{A7F9E08C-13A0-4495-AB10-8A8F35C3FABB}.Release|Any CPU.ActiveCfg = Release|Any CPU
		{A7F9E08C-13A0-4495-AB10-8A8F35C3FABB}.Release|Any CPU.Build.0 = Release|Any CPU
	EndGlobalSection
	GlobalSection(SolutionProperties) = preSolution
		HideSolutionNode = FALSE
	EndGlobalSection
	GlobalSection(ExtensibilityGlobals) = postSolution
		SolutionGuid = {FFAF5B67-C7A1-40E8-A9B4-34BA0B87C345}
	EndGlobalSection
EndGlobal
